
Microsoft Visual Studio Solution File, Format Version 12.00
# Visual Studio Version 17
VisualStudioVersion = 17.5.002.0
MinimumVisualStudioVersion = 10.0.40219.1
Project("{9A19103F-16F7-4668-BE54-9A1E7A4F7556}") = "TesteCrud", "TesteCrud.csproj", "{6132A2D2-7B3B-4ECE-B00F-BB5B8F302C72}"
EndProject
Global
	GlobalSection(SolutionConfigurationPlatforms) = preSolution
		Debug|Any CPU = Debug|Any CPU
		Release|Any CPU = Release|Any CPU
	EndGlobalSection
	GlobalSection(ProjectConfigurationPlatforms) = postSolution
		{6132A2D2-7B3B-4ECE-B00F-BB5B8F302C72}.Debug|Any CPU.ActiveCfg = Debug|Any CPU
		{6132A2D2-7B3B-4ECE-B00F-BB5B8F302C72}.Debug|Any CPU.Build.0 = Debug|Any CPU
		{6132A2D2-7B3B-4ECE-B00F-BB5B8F302C72}.Release|Any CPU.ActiveCfg = Release|Any CPU
		{6132A2D2-7B3B-4ECE-B00F-BB5B8F302C72}.Release|Any CPU.Build.0 = Release|Any CPU
	EndGlobalSection
	GlobalSection(SolutionProperties) = preSolution
		HideSolutionNode = FALSE
	EndGlobalSection
	GlobalSection(ExtensibilityGlobals) = postSolution
		SolutionGuid = {2C8322CA-FC05-45B1-99C1-C8E87539BEE8}
	EndGlobalSection
EndGlobal
